// !$*UTF8*$!
{
	archiveVersion = 1;
	classes = {
	};
	objectVersion = 56;
	objects = {

/* Begin PBXBuildFile section */
		001 /* RideTrackerApp.swift in Sources */ = {isa = PBXBuildFile; fileRef = 101 /* RideTrackerApp.swift */; };
		002 /* ContentView.swift in Sources */ = {isa = PBXBuildFile; fileRef = 102 /* ContentView.swift */; };
		003 /* RidesView.swift in Sources */ = {isa = PBXBuildFile; fileRef = 103 /* RidesView.swift */; };
		004 /* RideCardView.swift in Sources */ = {isa = PBXBuildFile; fileRef = 104 /* RideCardView.swift */; };
		005 /* HistoryView.swift in Sources */ = {isa = PBXBuildFile; fileRef = 105 /* HistoryView.swift */; };
		006 /* QRCodeView.swift in Sources */ = {isa = PBXBuildFile; fileRef = 106 /* QRCodeView.swift */; };
		007 /* AppState.swift in Sources */ = {isa = PBXBuildFile; fileRef = 107 /* AppState.swift */; };
		008 /* Park.swift in Sources */ = {isa = PBXBuildFile; fileRef = 108 /* Park.swift */; };
		009 /* Entity.swift in Sources */ = {isa = PBXBuildFile; fileRef = 109 /* Entity.swift */; };
		010 /* LiveData.swift in Sources */ = {isa = PBXBuildFile; fileRef = 110 /* LiveData.swift */; };
		011 /* RideHistory.swift in Sources */ = {isa = PBXBuildFile; fileRef = 111 /* RideHistory.swift */; };
		012 /* ActiveQueue.swift in Sources */ = {isa = PBXBuildFile; fileRef = 112 /* ActiveQueue.swift */; };
		013 /* ThemeParksAPI.swift in Sources */ = {isa = PBXBuildFile; fileRef = 113 /* ThemeParksAPI.swift */; };
		014 /* StorageService.swift in Sources */ = {isa = PBXBuildFile; fileRef = 114 /* StorageService.swift */; };
		015 /* LocationService.swift in Sources */ = {isa = PBXBuildFile; fileRef = 115 /* LocationService.swift */; };
		016 /* Assets.xcassets in Resources */ = {isa = PBXBuildFile; fileRef = 200 /* Assets.xcassets */; };
		017 /* AppDelegate.swift in Sources */ = {isa = PBXBuildFile; fileRef = 117 /* AppDelegate.swift */; };
		018 /* NotificationService.swift in Sources */ = {isa = PBXBuildFile; fileRef = 118 /* NotificationService.swift */; };
		019 /* FirebaseMessaging in Frameworks */ = {isa = PBXBuildFile; productRef = F001 /* FirebaseMessaging */; };
		E03CDDD32F1977000018A7F0 /* GoogleService-Info.plist in Resources */ = {isa = PBXBuildFile; fileRef = E03CDDD22F1976FF0018A7F0 /* GoogleService-Info.plist */; };
/* End PBXBuildFile section */

/* Begin PBXFileReference section */
		100 /* RideTracker.app */ = {isa = PBXFileReference; explicitFileType = wrapper.application; includeInIndex = 0; path = RideTracker.app; sourceTree = BUILT_PRODUCTS_DIR; };
		101 /* RideTrackerApp.swift */ = {isa = PBXFileReference; lastKnownFileType = sourcecode.swift; path = RideTrackerApp.swift; sourceTree = "<group>"; };
		102 /* ContentView.swift */ = {isa = PBXFileReference; lastKnownFileType = sourcecode.swift; path = ContentView.swift; sourceTree = "<group>"; };
		103 /* RidesView.swift */ = {isa = PBXFileReference; lastKnownFileType = sourcecode.swift; path = RidesView.swift; sourceTree = "<group>"; };
		104 /* RideCardView.swift */ = {isa = PBXFileReference; lastKnownFileType = sourcecode.swift; path = RideCardView.swift; sourceTree = "<group>"; };
		105 /* HistoryView.swift */ = {isa = PBXFileReference; lastKnownFileType = sourcecode.swift; path = HistoryView.swift; sourceTree = "<group>"; };
		106 /* QRCodeView.swift */ = {isa = PBXFileReference; lastKnownFileType = sourcecode.swift; path = QRCodeView.swift; sourceTree = "<group>"; };
		107 /* AppState.swift */ = {isa = PBXFileReference; lastKnownFileType = sourcecode.swift; path = AppState.swift; sourceTree = "<group>"; };
		108 /* Park.swift */ = {isa = PBXFileReference; lastKnownFileType = sourcecode.swift; path = Park.swift; sourceTree = "<group>"; };
		109 /* Entity.swift */ = {isa = PBXFileReference; lastKnownFileType = sourcecode.swift; path = Entity.swift; sourceTree = "<group>"; };
		110 /* LiveData.swift */ = {isa = PBXFileReference; lastKnownFileType = sourcecode.swift; path = LiveData.swift; sourceTree = "<group>"; };
		111 /* RideHistory.swift */ = {isa = PBXFileReference; lastKnownFileType = sourcecode.swift; path = RideHistory.swift; sourceTree = "<group>"; };
		112 /* ActiveQueue.swift */ = {isa = PBXFileReference; lastKnownFileType = sourcecode.swift; path = ActiveQueue.swift; sourceTree = "<group>"; };
		113 /* ThemeParksAPI.swift */ = {isa = PBXFileReference; lastKnownFileType = sourcecode.swift; path = ThemeParksAPI.swift; sourceTree = "<group>"; };
		114 /* StorageService.swift */ = {isa = PBXFileReference; lastKnownFileType = sourcecode.swift; path = StorageService.swift; sourceTree = "<group>"; };
		115 /* LocationService.swift */ = {isa = PBXFileReference; lastKnownFileType = sourcecode.swift; path = LocationService.swift; sourceTree = "<group>"; };
		116 /* Info.plist */ = {isa = PBXFileReference; lastKnownFileType = text.plist.xml; path = Info.plist; sourceTree = "<group>"; };
		117 /* AppDelegate.swift */ = {isa = PBXFileReference; lastKnownFileType = sourcecode.swift; path = AppDelegate.swift; sourceTree = "<group>"; };
		118 /* NotificationService.swift */ = {isa = PBXFileReference; lastKnownFileType = sourcecode.swift; path = NotificationService.swift; sourceTree = "<group>"; };
		200 /* Assets.xcassets */ = {isa = PBXFileReference; lastKnownFileType = folder.assetcatalog; path = Assets.xcassets; sourceTree = "<group>"; };
		201 /* RideTracker.entitlements */ = {isa = PBXFileReference; lastKnownFileType = text.plist.entitlements; path = RideTracker.entitlements; sourceTree = "<group>"; };
		E03CDDD22F1976FF0018A7F0 /* GoogleService-Info.plist */ = {isa = PBXFileReference; lastKnownFileType = text.plist.xml; path = "GoogleService-Info.plist"; sourceTree = "<group>"; };
/* End PBXFileReference section */

/* Begin PBXFrameworksBuildPhase section */
		500 /* Frameworks */ = {
			isa = PBXFrameworksBuildPhase;
			buildActionMask = 2147483647;
			files = (
				019 /* FirebaseMessaging in Frameworks */,
			);
			runOnlyForDeploymentPostprocessing = 0;
		};
/* End PBXFrameworksBuildPhase section */

/* Begin PBXGroup section */
		600 = {
			isa = PBXGroup;
			children = (
				601 /* RideTracker */,
				602 /* Products */,
			);
			sourceTree = "<group>";
		};
		601 /* RideTracker */ = {
			isa = PBXGroup;
			children = (
				E03CDDD22F1976FF0018A7F0 /* GoogleService-Info.plist */,
				101 /* RideTrackerApp.swift */,
				603 /* Views */,
				604 /* ViewModels */,
				605 /* Models */,
				606 /* Services */,
				200 /* Assets.xcassets */,
				116 /* Info.plist */,
				201 /* RideTracker.entitlements */,
			);
			path = RideTracker;
			sourceTree = "<group>";
		};
		602 /* Products */ = {
			isa = PBXGroup;
			children = (
				100 /* RideTracker.app */,
			);
			name = Products;
			sourceTree = "<group>";
		};
		603 /* Views */ = {
			isa = PBXGroup;
			children = (
				102 /* ContentView.swift */,
				103 /* RidesView.swift */,
				104 /* RideCardView.swift */,
				105 /* HistoryView.swift */,
				106 /* QRCodeView.swift */,
			);
			path = Views;
			sourceTree = "<group>";
		};
		604 /* ViewModels */ = {
			isa = PBXGroup;
			children = (
				107 /* AppState.swift */,
			);
			path = ViewModels;
			sourceTree = "<group>";
		};
		605 /* Models */ = {
			isa = PBXGroup;
			children = (
				108 /* Park.swift */,
				109 /* Entity.swift */,
				110 /* LiveData.swift */,
				111 /* RideHistory.swift */,
				112 /* ActiveQueue.swift */,
			);
			path = Models;
			sourceTree = "<group>";
		};
		606 /* Services */ = {
			isa = PBXGroup;
			children = (
				113 /* ThemeParksAPI.swift */,
				114 /* StorageService.swift */,
				115 /* LocationService.swift */,
				117 /* AppDelegate.swift */,
				118 /* NotificationService.swift */,
			);
			path = Services;
			sourceTree = "<group>";
		};
/* End PBXGroup section */

/* Begin PBXNativeTarget section */
		700 /* RideTracker */ = {
			isa = PBXNativeTarget;
			buildConfigurationList = 800 /* Build configuration list for PBXNativeTarget "RideTracker" */;
			buildPhases = (
				501 /* Sources */,
				500 /* Frameworks */,
				502 /* Resources */,
			);
			buildRules = (
			);
			dependencies = (
			);
			name = RideTracker;
			packageProductDependencies = (
				F001 /* FirebaseMessaging */,
			);
			productName = RideTracker;
			productReference = 100 /* RideTracker.app */;
			productType = "com.apple.product-type.application";
		};
/* End PBXNativeTarget section */

/* Begin PBXProject section */
		900 /* Project object */ = {
			isa = PBXProject;
			attributes = {
				BuildIndependentTargetsInParallel = 1;
				LastSwiftUpdateCheck = 1500;
				LastUpgradeCheck = 1500;
				TargetAttributes = {
					700 = {
						CreatedOnToolsVersion = 15.0;
					};
				};
			};
			buildConfigurationList = 901 /* Build configuration list for PBXProject "RideTracker" */;
			compatibilityVersion = "Xcode 14.0";
			developmentRegion = en;
			hasScannedForEncodings = 0;
			knownRegions = (
				en,
				Base,
			);
			mainGroup = 600;
			packageReferences = (
				P001 /* XCRemoteSwiftPackageReference "firebase-ios-sdk" */,
			);
			productRefGroup = 602 /* Products */;
			projectDirPath = "";
			projectRoot = "";
			targets = (
				700 /* RideTracker */,
			);
		};
/* End PBXProject section */

/* Begin PBXResourcesBuildPhase section */
		502 /* Resources */ = {
			isa = PBXResourcesBuildPhase;
			buildActionMask = 2147483647;
			files = (
				016 /* Assets.xcassets in Resources */,
				E03CDDD32F1977000018A7F0 /* GoogleService-Info.plist in Resources */,
			);
			runOnlyForDeploymentPostprocessing = 0;
		};
/* End PBXResourcesBuildPhase section */

/* Begin PBXSourcesBuildPhase section */
		501 /* Sources */ = {
			isa = PBXSourcesBuildPhase;
			buildActionMask = 2147483647;
			files = (
				001 /* RideTrackerApp.swift in Sources */,
				002 /* ContentView.swift in Sources */,
				003 /* RidesView.swift in Sources */,
				004 /* RideCardView.swift in Sources */,
				005 /* HistoryView.swift in Sources */,
				006 /* QRCodeView.swift in Sources */,
				007 /* AppState.swift in Sources */,
				008 /* Park.swift in Sources */,
				009 /* Entity.swift in Sources */,
				010 /* LiveData.swift in Sources */,
				011 /* RideHistory.swift in Sources */,
				012 /* ActiveQueue.swift in Sources */,
				013 /* ThemeParksAPI.swift in Sources */,
				014 /* StorageService.swift in Sources */,
				015 /* LocationService.swift in Sources */,
				017 /* AppDelegate.swift in Sources */,
				018 /* NotificationService.swift in Sources */,
			);
			runOnlyForDeploymentPostprocessing = 0;
		};
/* End PBXSourcesBuildPhase section */

/* Begin XCBuildConfiguration section */
		810 /* Debug */ = {
			isa = XCBuildConfiguration;
			buildSettings = {
				ASSETCATALOG_COMPILER_APPICON_NAME = AppIcon;
				ASSETCATALOG_COMPILER_GLOBAL_ACCENT_COLOR_NAME = AccentColor;
				CODE_SIGN_ENTITLEMENTS = RideTracker/RideTracker.entitlements;
				CODE_SIGN_STYLE = Automatic;
				CURRENT_PROJECT_VERSION = 1;
				DEVELOPMENT_TEAM = U29PR3N7Q4;
				GENERATE_INFOPLIST_FILE = YES;
				INFOPLIST_FILE = RideTracker/Info.plist;
				INFOPLIST_KEY_CFBundleDisplayName = "Ride Tracker";
				INFOPLIST_KEY_NSCameraUsageDescription = "Camera access is needed to scan QR codes for importing ride history and notes.";
				INFOPLIST_KEY_NSLocationWhenInUseUsageDescription = "Location access is used to show your distance from attractions.";
				INFOPLIST_KEY_UIApplicationSupportsIndirectInputEvents = YES;
				INFOPLIST_KEY_UIRequiredDeviceCapabilities = armv7;
				INFOPLIST_KEY_UISupportedInterfaceOrientations = UIInterfaceOrientationPortrait;
				INFOPLIST_KEY_UISupportedInterfaceOrientations_iPad = "UIInterfaceOrientationPortrait UIInterfaceOrientationPortraitUpsideDown UIInterfaceOrientationLandscapeLeft UIInterfaceOrientationLandscapeRight";
				LD_RUNPATH_SEARCH_PATHS = (
					"$(inherited)",
					"@executable_path/Frameworks",
				);
				MARKETING_VERSION = 1.0;
				PRODUCT_BUNDLE_IDENTIFIER = com.chsnow.ridetracker;
				PRODUCT_NAME = "$(TARGET_NAME)";
				SWIFT_EMIT_LOC_STRINGS = YES;
				SWIFT_VERSION = 5.0;
				TARGETED_DEVICE_FAMILY = "1,2";
			};
			name = Debug;
		};
		811 /* Release */ = {
			isa = XCBuildConfiguration;
			buildSettings = {
				ASSETCATALOG_COMPILER_APPICON_NAME = AppIcon;
				ASSETCATALOG_COMPILER_GLOBAL_ACCENT_COLOR_NAME = AccentColor;
				CODE_SIGN_ENTITLEMENTS = RideTracker/RideTracker.entitlements;
				CODE_SIGN_STYLE = Automatic;
				CURRENT_PROJECT_VERSION = 1;
				DEVELOPMENT_TEAM = U29PR3N7Q4;
				GENERATE_INFOPLIST_FILE = YES;
				INFOPLIST_FILE = RideTracker/Info.plist;
				INFOPLIST_KEY_CFBundleDisplayName = "Ride Tracker";
				INFOPLIST_KEY_NSCameraUsageDescription = "Camera access is needed to scan QR codes for importing ride history and notes.";
				INFOPLIST_KEY_NSLocationWhenInUseUsageDescription = "Location access is used to show your distance from attractions.";
				INFOPLIST_KEY_UIApplicationSupportsIndirectInputEvents = YES;
				INFOPLIST_KEY_UIRequiredDeviceCapabilities = armv7;
				INFOPLIST_KEY_UISupportedInterfaceOrientations = UIInterfaceOrientationPortrait;
				INFOPLIST_KEY_UISupportedInterfaceOrientations_iPad = "UIInterfaceOrientationPortrait UIInterfaceOrientationPortraitUpsideDown UIInterfaceOrientationLandscapeLeft UIInterfaceOrientationLandscapeRight";
				LD_RUNPATH_SEARCH_PATHS = (
					"$(inherited)",
					"@executable_path/Frameworks",
				);
				MARKETING_VERSION = 1.0;
				PRODUCT_BUNDLE_IDENTIFIER = com.chsnow.ridetracker;
				PRODUCT_NAME = "$(TARGET_NAME)";
				SWIFT_EMIT_LOC_STRINGS = YES;
				SWIFT_VERSION = 5.0;
				TARGETED_DEVICE_FAMILY = "1,2";
			};
			name = Release;
		};
		910 /* Debug */ = {
			isa = XCBuildConfiguration;
			buildSettings = {
				ALWAYS_SEARCH_USER_PATHS = NO;
				ASSETCATALOG_COMPILER_GENERATE_SWIFT_ASSET_SYMBOL_EXTENSIONS = YES;
				CLANG_ANALYZER_NONNULL = YES;
				CLANG_ANALYZER_NUMBER_OBJECT_CONVERSION = YES_AGGRESSIVE;
				CLANG_CXX_LANGUAGE_STANDARD = "gnu++20";
				CLANG_ENABLE_MODULES = YES;
				CLANG_ENABLE_OBJC_ARC = YES;
				CLANG_ENABLE_OBJC_WEAK = YES;
				CLANG_WARN_BLOCK_CAPTURE_AUTORELEASING = YES;
				CLANG_WARN_BOOL_CONVERSION = YES;
				CLANG_WARN_COMMA = YES;
				CLANG_WARN_CONSTANT_CONVERSION = YES;
				CLANG_WARN_DEPRECATED_OBJC_IMPLEMENTATIONS = YES;
				CLANG_WARN_DIRECT_OBJC_ISA_USAGE = YES_ERROR;
				CLANG_WARN_DOCUMENTATION_COMMENTS = YES;
				CLANG_WARN_EMPTY_BODY = YES;
				CLANG_WARN_ENUM_CONVERSION = YES;
				CLANG_WARN_INFINITE_RECURSION = YES;
				CLANG_WARN_INT_CONVERSION = YES;
				CLANG_WARN_NON_LITERAL_NULL_CONVERSION = YES;
				CLANG_WARN_OBJC_IMPLICIT_RETAIN_SELF = YES;
				CLANG_WARN_OBJC_LITERAL_CONVERSION = YES;
				CLANG_WARN_OBJC_ROOT_CLASS = YES_ERROR;
				CLANG_WARN_QUOTED_INCLUDE_IN_FRAMEWORK_HEADER = YES;
				CLANG_WARN_RANGE_LOOP_ANALYSIS = YES;
				CLANG_WARN_STRICT_PROTOTYPES = YES;
				CLANG_WARN_SUSPICIOUS_MOVE = YES;
				CLANG_WARN_UNGUARDED_AVAILABILITY = YES_AGGRESSIVE;
				CLANG_WARN_UNREACHABLE_CODE = YES;
				CLANG_WARN__DUPLICATE_METHOD_MATCH = YES;
				COPY_PHASE_STRIP = NO;
				DEBUG_INFORMATION_FORMAT = dwarf;
				ENABLE_STRICT_OBJC_MSGSEND = YES;
				ENABLE_TESTABILITY = YES;
				ENABLE_USER_SCRIPT_SANDBOXING = YES;
				GCC_C_LANGUAGE_STANDARD = gnu17;
				GCC_DYNAMIC_NO_PIC = NO;
				GCC_NO_COMMON_BLOCKS = YES;
				GCC_OPTIMIZATION_LEVEL = 0;
				GCC_PREPROCESSOR_DEFINITIONS = (
					"DEBUG=1",
					"$(inherited)",
				);
				GCC_WARN_64_TO_32_BIT_CONVERSION = YES;
				GCC_WARN_ABOUT_RETURN_TYPE = YES_ERROR;
				GCC_WARN_UNDECLARED_SELECTOR = YES;
				GCC_WARN_UNINITIALIZED_AUTOS = YES_AGGRESSIVE;
				GCC_WARN_UNUSED_FUNCTION = YES;
				GCC_WARN_UNUSED_VARIABLE = YES;
				IPHONEOS_DEPLOYMENT_TARGET = 17.0;
				LOCALIZATION_PREFERS_STRING_CATALOGS = YES;
				MTL_ENABLE_DEBUG_INFO = INCLUDE_SOURCE;
				MTL_FAST_MATH = YES;
				ONLY_ACTIVE_ARCH = YES;
				SDKROOT = iphoneos;
				SWIFT_ACTIVE_COMPILATION_CONDITIONS = "DEBUG $(inherited)";
				SWIFT_OPTIMIZATION_LEVEL = "-Onone";
			};
			name = Debug;
		};
		911 /* Release */ = {
			isa = XCBuildConfiguration;
			buildSettings = {
				ALWAYS_SEARCH_USER_PATHS = NO;
				ASSETCATALOG_COMPILER_GENERATE_SWIFT_ASSET_SYMBOL_EXTENSIONS = YES;
				CLANG_ANALYZER_NONNULL = YES;
				CLANG_ANALYZER_NUMBER_OBJECT_CONVERSION = YES_AGGRESSIVE;
				CLANG_CXX_LANGUAGE_STANDARD = "gnu++20";
				CLANG_ENABLE_MODULES = YES;
				CLANG_ENABLE_OBJC_ARC = YES;
				CLANG_ENABLE_OBJC_WEAK = YES;
				CLANG_WARN_BLOCK_CAPTURE_AUTORELEASING = YES;
				CLANG_WARN_BOOL_CONVERSION = YES;
				CLANG_WARN_COMMA = YES;
				CLANG_WARN_CONSTANT_CONVERSION = YES;
				CLANG_WARN_DEPRECATED_OBJC_IMPLEMENTATIONS = YES;
				CLANG_WARN_DIRECT_OBJC_ISA_USAGE = YES_ERROR;
				CLANG_WARN_DOCUMENTATION_COMMENTS = YES;
				CLANG_WARN_EMPTY_BODY = YES;
				CLANG_WARN_ENUM_CONVERSION = YES;
				CLANG_WARN_INFINITE_RECURSION = YES;
				CLANG_WARN_INT_CONVERSION = YES;
				CLANG_WARN_NON_LITERAL_NULL_CONVERSION = YES;
				CLANG_WARN_OBJC_IMPLICIT_RETAIN_SELF = YES;
				CLANG_WARN_OBJC_LITERAL_CONVERSION = YES;
				CLANG_WARN_OBJC_ROOT_CLASS = YES_ERROR;
				CLANG_WARN_QUOTED_INCLUDE_IN_FRAMEWORK_HEADER = YES;
				CLANG_WARN_RANGE_LOOP_ANALYSIS = YES;
				CLANG_WARN_STRICT_PROTOTYPES = YES;
				CLANG_WARN_SUSPICIOUS_MOVE = YES;
				CLANG_WARN_UNGUARDED_AVAILABILITY = YES_AGGRESSIVE;
				CLANG_WARN_UNREACHABLE_CODE = YES;
				CLANG_WARN__DUPLICATE_METHOD_MATCH = YES;
				COPY_PHASE_STRIP = NO;
				DEBUG_INFORMATION_FORMAT = "dwarf-with-dsym";
				ENABLE_NS_ASSERTIONS = NO;
				ENABLE_STRICT_OBJC_MSGSEND = YES;
				ENABLE_USER_SCRIPT_SANDBOXING = YES;
				GCC_C_LANGUAGE_STANDARD = gnu17;
				GCC_NO_COMMON_BLOCKS = YES;
				GCC_WARN_64_TO_32_BIT_CONVERSION = YES;
				GCC_WARN_ABOUT_RETURN_TYPE = YES_ERROR;
				GCC_WARN_UNDECLARED_SELECTOR = YES;
				GCC_WARN_UNINITIALIZED_AUTOS = YES_AGGRESSIVE;
				GCC_WARN_UNUSED_FUNCTION = YES;
				GCC_WARN_UNUSED_VARIABLE = YES;
				IPHONEOS_DEPLOYMENT_TARGET = 17.0;
				LOCALIZATION_PREFERS_STRING_CATALOGS = YES;
				MTL_ENABLE_DEBUG_INFO = NO;
				MTL_FAST_MATH = YES;
				SDKROOT = iphoneos;
				SWIFT_COMPILATION_MODE = wholemodule;
				VALIDATE_PRODUCT = YES;
			};
			name = Release;
		};
/* End XCBuildConfiguration section */

/* Begin XCConfigurationList section */
		800 /* Build configuration list for PBXNativeTarget "RideTracker" */ = {
			isa = XCConfigurationList;
			buildConfigurations = (
				810 /* Debug */,
				811 /* Release */,
			);
			defaultConfigurationIsVisible = 0;
			defaultConfigurationName = Release;
		};
		901 /* Build configuration list for PBXProject "RideTracker" */ = {
			isa = XCConfigurationList;
			buildConfigurations = (
				910 /* Debug */,
				911 /* Release */,
			);
			defaultConfigurationIsVisible = 0;
			defaultConfigurationName = Release;
		};
/* End XCConfigurationList section */

/* Begin XCRemoteSwiftPackageReference section */
		P001 /* XCRemoteSwiftPackageReference "firebase-ios-sdk" */ = {
			isa = XCRemoteSwiftPackageReference;
			repositoryURL = "https://github.com/firebase/firebase-ios-sdk";
			requirement = {
				kind = upToNextMajorVersion;
				minimumVersion = 11.0.0;
			};
		};
/* End XCRemoteSwiftPackageReference section */

/* Begin XCSwiftPackageProductDependency section */
		F001 /* FirebaseMessaging */ = {
			isa = XCSwiftPackageProductDependency;
			package = P001 /* XCRemoteSwiftPackageReference "firebase-ios-sdk" */;
			productName = FirebaseMessaging;
		};
/* End XCSwiftPackageProductDependency section */
	};
	rootObject = 900 /* Project object */;
}
